
Microsoft Visual Studio Solution File, Format Version 12.00
# Visual Studio Version 17
VisualStudioVersion = 17.11.35219.272
MinimumVisualStudioVersion = 10.0.40219.1
Project("{2150E333-8FDC-42A3-9474-1A3956D46DE8}") = "Bootstrapper", "Bootstrapper", "{1937C196-5BAA-48FC-8969-AE226C975F20}"
EndProject
Project("{2150E333-8FDC-42A3-9474-1A3956D46DE8}") = "Modules", "Modules", "{C5D39884-ADB2-4B7E-B7E2-65089755ACE0}"
EndProject
Project("{2150E333-8FDC-42A3-9474-1A3956D46DE8}") = "Shared", "Shared", "{6E42196B-002D-4482-8A6F-A9049994BE58}"
EndProject
Project("{9A19103F-16F7-4668-BE54-9A1E7A4F7556}") = "Api", "Bootstrapper\Api\Api.csproj", "{00ACF595-0481-4AD3-AC04-E5A8D41F6923}"
EndProject
Project("{2150E333-8FDC-42A3-9474-1A3956D46DE8}") = "Catalog", "Catalog", "{578C81D5-5264-4326-9A7A-712113909B39}"
EndProject
Project("{2150E333-8FDC-42A3-9474-1A3956D46DE8}") = "Basket", "Basket", "{EDE1E3FF-AD8F-40F8-BED1-A65A30F38EB7}"
EndProject
Project("{2150E333-8FDC-42A3-9474-1A3956D46DE8}") = "Ordering", "Ordering", "{F863B88B-A0E4-4754-AD79-1BAE7603C323}"
EndProject
Project("{9A19103F-16F7-4668-BE54-9A1E7A4F7556}") = "Catalog", "Modules\Catalog\Catalog\Catalog.csproj", "{488CB4CD-C425-49E2-9C8B-1ABD79965899}"
EndProject
Project("{9A19103F-16F7-4668-BE54-9A1E7A4F7556}") = "Basket", "Modules\Basket\Basket\Basket.csproj", "{BA635329-7C1E-440D-B672-BC39D7F478C3}"
EndProject
Project("{9A19103F-16F7-4668-BE54-9A1E7A4F7556}") = "Ordering", "Modules\Ordering\Ordering\Ordering.csproj", "{A7830EC2-6E25-4686-98F1-9804FE58D0DD}"
EndProject
Project("{9A19103F-16F7-4668-BE54-9A1E7A4F7556}") = "Shared", "Shared\Shared\Shared.csproj", "{0FEC6AEC-3E77-4306-A406-7CDE0E8AD953}"
EndProject
Project("{E53339B2-1760-4266-BCC7-CA923CBCF16C}") = "docker-compose", "docker-compose.dcproj", "{C4E52FD2-AC59-45FF-8348-2EECE78DFAD0}"
EndProject
Project("{9A19103F-16F7-4668-BE54-9A1E7A4F7556}") = "Catalog.Contracts", "Modules\Catalog\Catalog.Contracts\Catalog.Contracts.csproj", "{13FF7DF9-3C5E-4EB4-887D-A828DD0AF81E}"
EndProject
Project("{9A19103F-16F7-4668-BE54-9A1E7A4F7556}") = "Shared.Contracts", "Shared\Shared.Contracts\Shared.Contracts.csproj", "{1D4E5E22-0BFB-445F-9DEA-77BA70788ABE}"
EndProject
Project("{FAE04EC0-301F-11D3-BF4B-00C04F79EFBC}") = "Shared.Messaging", "Shared\Shared.Messaging\Shared.Messaging.csproj", "{0377B163-0996-495B-BE82-E8C66CF3A20C}"
EndProject
Global
	GlobalSection(SolutionConfigurationPlatforms) = preSolution
		Debug|Any CPU = Debug|Any CPU
		Release|Any CPU = Release|Any CPU
	EndGlobalSection
	GlobalSection(ProjectConfigurationPlatforms) = postSolution
		{00ACF595-0481-4AD3-AC04-E5A8D41F6923}.Debug|Any CPU.ActiveCfg = Debug|Any CPU
		{00ACF595-0481-4AD3-AC04-E5A8D41F6923}.Debug|Any CPU.Build.0 = Debug|Any CPU
		{00ACF595-0481-4AD3-AC04-E5A8D41F6923}.Release|Any CPU.ActiveCfg = Release|Any CPU
		{00ACF595-0481-4AD3-AC04-E5A8D41F6923}.Release|Any CPU.Build.0 = Release|Any CPU
		{488CB4CD-C425-49E2-9C8B-1ABD79965899}.Debug|Any CPU.ActiveCfg = Debug|Any CPU
		{488CB4CD-C425-49E2-9C8B-1ABD79965899}.Debug|Any CPU.Build.0 = Debug|Any CPU
		{488CB4CD-C425-49E2-9C8B-1ABD79965899}.Release|Any CPU.ActiveCfg = Release|Any CPU
		{488CB4CD-C425-49E2-9C8B-1ABD79965899}.Release|Any CPU.Build.0 = Release|Any CPU
		{BA635329-7C1E-440D-B672-BC39D7F478C3}.Debug|Any CPU.ActiveCfg = Debug|Any CPU
		{BA635329-7C1E-440D-B672-BC39D7F478C3}.Debug|Any CPU.Build.0 = Debug|Any CPU
		{BA635329-7C1E-440D-B672-BC39D7F478C3}.Release|Any CPU.ActiveCfg = Release|Any CPU
		{BA635329-7C1E-440D-B672-BC39D7F478C3}.Release|Any CPU.Build.0 = Release|Any CPU
		{A7830EC2-6E25-4686-98F1-9804FE58D0DD}.Debug|Any CPU.ActiveCfg = Debug|Any CPU
		{A7830EC2-6E25-4686-98F1-9804FE58D0DD}.Debug|Any CPU.Build.0 = Debug|Any CPU
		{A7830EC2-6E25-4686-98F1-9804FE58D0DD}.Release|Any CPU.ActiveCfg = Release|Any CPU
		{A7830EC2-6E25-4686-98F1-9804FE58D0DD}.Release|Any CPU.Build.0 = Release|Any CPU
		{0FEC6AEC-3E77-4306-A406-7CDE0E8AD953}.Debug|Any CPU.ActiveCfg = Debug|Any CPU
		{0FEC6AEC-3E77-4306-A406-7CDE0E8AD953}.Debug|Any CPU.Build.0 = Debug|Any CPU
		{0FEC6AEC-3E77-4306-A406-7CDE0E8AD953}.Release|Any CPU.ActiveCfg = Release|Any CPU
		{0FEC6AEC-3E77-4306-A406-7CDE0E8AD953}.Release|Any CPU.Build.0 = Release|Any CPU
		{C4E52FD2-AC59-45FF-8348-2EECE78DFAD0}.Debug|Any CPU.ActiveCfg = Debug|Any CPU
		{C4E52FD2-AC59-45FF-8348-2EECE78DFAD0}.Debug|Any CPU.Build.0 = Debug|Any CPU
		{C4E52FD2-AC59-45FF-8348-2EECE78DFAD0}.Release|Any CPU.ActiveCfg = Release|Any CPU
		{C4E52FD2-AC59-45FF-8348-2EECE78DFAD0}.Release|Any CPU.Build.0 = Release|Any CPU
		{13FF7DF9-3C5E-4EB4-887D-A828DD0AF81E}.Debug|Any CPU.ActiveCfg = Debug|Any CPU
		{13FF7DF9-3C5E-4EB4-887D-A828DD0AF81E}.Debug|Any CPU.Build.0 = Debug|Any CPU
		{13FF7DF9-3C5E-4EB4-887D-A828DD0AF81E}.Release|Any CPU.ActiveCfg = Release|Any CPU
		{13FF7DF9-3C5E-4EB4-887D-A828DD0AF81E}.Release|Any CPU.Build.0 = Release|Any CPU
		{1D4E5E22-0BFB-445F-9DEA-77BA70788ABE}.Debug|Any CPU.ActiveCfg = Debug|Any CPU
		{1D4E5E22-0BFB-445F-9DEA-77BA70788ABE}.Debug|Any CPU.Build.0 = Debug|Any CPU
		{1D4E5E22-0BFB-445F-9DEA-77BA70788ABE}.Release|Any CPU.ActiveCfg = Release|Any CPU
		{1D4E5E22-0BFB-445F-9DEA-77BA70788ABE}.Release|Any CPU.Build.0 = Release|Any CPU
		{0377B163-0996-495B-BE82-E8C66CF3A20C}.Debug|Any CPU.ActiveCfg = Debug|Any CPU
		{0377B163-0996-495B-BE82-E8C66CF3A20C}.Debug|Any CPU.Build.0 = Debug|Any CPU
		{0377B163-0996-495B-BE82-E8C66CF3A20C}.Release|Any CPU.ActiveCfg = Release|Any CPU
		{0377B163-0996-495B-BE82-E8C66CF3A20C}.Release|Any CPU.Build.0 = Release|Any CPU
	EndGlobalSection
	GlobalSection(SolutionProperties) = preSolution
		HideSolutionNode = FALSE
	EndGlobalSection
	GlobalSection(NestedProjects) = preSolution
		{00ACF595-0481-4AD3-AC04-E5A8D41F6923} = {1937C196-5BAA-48FC-8969-AE226C975F20}
		{578C81D5-5264-4326-9A7A-712113909B39} = {C5D39884-ADB2-4B7E-B7E2-65089755ACE0}
		{EDE1E3FF-AD8F-40F8-BED1-A65A30F38EB7} = {C5D39884-ADB2-4B7E-B7E2-65089755ACE0}
		{F863B88B-A0E4-4754-AD79-1BAE7603C323} = {C5D39884-ADB2-4B7E-B7E2-65089755ACE0}
		{488CB4CD-C425-49E2-9C8B-1ABD79965899} = {578C81D5-5264-4326-9A7A-712113909B39}
		{BA635329-7C1E-440D-B672-BC39D7F478C3} = {EDE1E3FF-AD8F-40F8-BED1-A65A30F38EB7}
		{A7830EC2-6E25-4686-98F1-9804FE58D0DD} = {F863B88B-A0E4-4754-AD79-1BAE7603C323}
		{0FEC6AEC-3E77-4306-A406-7CDE0E8AD953} = {6E42196B-002D-4482-8A6F-A9049994BE58}
		{13FF7DF9-3C5E-4EB4-887D-A828DD0AF81E} = {578C81D5-5264-4326-9A7A-712113909B39}
		{1D4E5E22-0BFB-445F-9DEA-77BA70788ABE} = {6E42196B-002D-4482-8A6F-A9049994BE58}
		{0377B163-0996-495B-BE82-E8C66CF3A20C} = {6E42196B-002D-4482-8A6F-A9049994BE58}
	EndGlobalSection
	GlobalSection(ExtensibilityGlobals) = postSolution
		SolutionGuid = {E879F232-1433-459B-AC6B-66CE09B67FB9}
	EndGlobalSection
EndGlobal
